// !$*UTF8*$!
{
	archiveVersion = 1;
	classes = {
	};
	objectVersion = 50;
	objects = {

/* Begin PBXBuildFile section */
		994132752542E74A00B7ED23 /* ButtonWithImage.swift in Sources */ = {isa = PBXBuildFile; fileRef = 994132742542E74A00B7ED23 /* ButtonWithImage.swift */; };
		9941327A2543192400B7ED23 /* extension+String.swift in Sources */ = {isa = PBXBuildFile; fileRef = 994132792543192400B7ED23 /* extension+String.swift */; };
		994132A4254401B100B7ED23 /* DetailAnnoucementView.swift in Sources */ = {isa = PBXBuildFile; fileRef = 994132A3254401B100B7ED23 /* DetailAnnoucementView.swift */; };
		999D7B4325407C9C00B993E0 /* AppDelegate.swift in Sources */ = {isa = PBXBuildFile; fileRef = 999D7B4225407C9C00B993E0 /* AppDelegate.swift */; };
		999D7B4F25407CA000B993E0 /* Assets.xcassets in Resources */ = {isa = PBXBuildFile; fileRef = 999D7B4E25407CA000B993E0 /* Assets.xcassets */; };
		999D7B5225407CA000B993E0 /* LaunchScreen.storyboard in Resources */ = {isa = PBXBuildFile; fileRef = 999D7B5025407CA000B993E0 /* LaunchScreen.storyboard */; };
		999D7B5D25407CA100B993E0 /* LeBoncoinTests.swift in Sources */ = {isa = PBXBuildFile; fileRef = 999D7B5C25407CA100B993E0 /* LeBoncoinTests.swift */; };
		999D7B6825407CA100B993E0 /* LeBoncoinUITests.swift in Sources */ = {isa = PBXBuildFile; fileRef = 999D7B6725407CA100B993E0 /* LeBoncoinUITests.swift */; };
		999D7B7E25407DEC00B993E0 /* Announcement.swift in Sources */ = {isa = PBXBuildFile; fileRef = 999D7B7D25407DEC00B993E0 /* Announcement.swift */; };
		999D7B8325407EA600B993E0 /* APIFetcher.swift in Sources */ = {isa = PBXBuildFile; fileRef = 999D7B8225407EA600B993E0 /* APIFetcher.swift */; };
		999D7B8825407EC100B993E0 /* APIConfig.swift in Sources */ = {isa = PBXBuildFile; fileRef = 999D7B8725407EC100B993E0 /* APIConfig.swift */; };
		999D7B8D2540B36400B993E0 /* APIError.swift in Sources */ = {isa = PBXBuildFile; fileRef = 999D7B8C2540B36400B993E0 /* APIError.swift */; };
		999D7B922540B3B100B993E0 /* Parssing.swift in Sources */ = {isa = PBXBuildFile; fileRef = 999D7B912540B3B100B993E0 /* Parssing.swift */; };
		999D7B9F25416C3C00B993E0 /* Category.swift in Sources */ = {isa = PBXBuildFile; fileRef = 999D7B9E25416C3C00B993E0 /* Category.swift */; };
		999D7BAE254176AD00B993E0 /* HomeViewModel.swift in Sources */ = {isa = PBXBuildFile; fileRef = 999D7BAD254176AD00B993E0 /* HomeViewModel.swift */; };
		999D7BB3254176CC00B993E0 /* HomeViewController.swift in Sources */ = {isa = PBXBuildFile; fileRef = 999D7BB2254176CC00B993E0 /* HomeViewController.swift */; };
		999D7BB9254178F800B993E0 /* Box.swift in Sources */ = {isa = PBXBuildFile; fileRef = 999D7BB8254178F800B993E0 /* Box.swift */; };
		99C2E82125417F7400B2917C /* AnnoucementCellView.swift in Sources */ = {isa = PBXBuildFile; fileRef = 99C2E82025417F7400B2917C /* AnnoucementCellView.swift */; };
		99C2E82D2541900300B2917C /* extension+UIImageView.swift in Sources */ = {isa = PBXBuildFile; fileRef = 99C2E82C2541900300B2917C /* extension+UIImageView.swift */; };
		99C2E8862541C6AC00B2917C /* DetailAnnoucementViewController.swift in Sources */ = {isa = PBXBuildFile; fileRef = 99C2E8852541C6AC00B2917C /* DetailAnnoucementViewController.swift */; };
		99C3EE1F2542D39F00835910 /* extension+UIColor.swift in Sources */ = {isa = PBXBuildFile; fileRef = 99C3EE1E2542D39F00835910 /* extension+UIColor.swift */; };
		99C3EE242542D74000835910 /* CategoryViewController.swift in Sources */ = {isa = PBXBuildFile; fileRef = 99C3EE232542D74000835910 /* CategoryViewController.swift */; };
/* End PBXBuildFile section */

/* Begin PBXContainerItemProxy section */
		999D7B5925407CA100B993E0 /* PBXContainerItemProxy */ = {
			isa = PBXContainerItemProxy;
			containerPortal = 999D7B3725407C9C00B993E0 /* Project object */;
			proxyType = 1;
			remoteGlobalIDString = 999D7B3E25407C9C00B993E0;
			remoteInfo = LeBoncoin;
		};
		999D7B6425407CA100B993E0 /* PBXContainerItemProxy */ = {
			isa = PBXContainerItemProxy;
			containerPortal = 999D7B3725407C9C00B993E0 /* Project object */;
			proxyType = 1;
			remoteGlobalIDString = 999D7B3E25407C9C00B993E0;
			remoteInfo = LeBoncoin;
		};
/* End PBXContainerItemProxy section */

/* Begin PBXFileReference section */
		994132742542E74A00B7ED23 /* ButtonWithImage.swift */ = {isa = PBXFileReference; lastKnownFileType = sourcecode.swift; path = ButtonWithImage.swift; sourceTree = "<group>"; };
		994132792543192400B7ED23 /* extension+String.swift */ = {isa = PBXFileReference; lastKnownFileType = sourcecode.swift; path = "extension+String.swift"; sourceTree = "<group>"; };
		994132A3254401B100B7ED23 /* DetailAnnoucementView.swift */ = {isa = PBXFileReference; lastKnownFileType = sourcecode.swift; path = DetailAnnoucementView.swift; sourceTree = "<group>"; };
		999D7B3F25407C9C00B993E0 /* LeBoncoin.app */ = {isa = PBXFileReference; explicitFileType = wrapper.application; includeInIndex = 0; path = LeBoncoin.app; sourceTree = BUILT_PRODUCTS_DIR; };
		999D7B4225407C9C00B993E0 /* AppDelegate.swift */ = {isa = PBXFileReference; lastKnownFileType = sourcecode.swift; path = AppDelegate.swift; sourceTree = "<group>"; };
		999D7B4E25407CA000B993E0 /* Assets.xcassets */ = {isa = PBXFileReference; lastKnownFileType = folder.assetcatalog; path = Assets.xcassets; sourceTree = "<group>"; };
		999D7B5125407CA000B993E0 /* Base */ = {isa = PBXFileReference; lastKnownFileType = file.storyboard; name = Base; path = Base.lproj/LaunchScreen.storyboard; sourceTree = "<group>"; };
		999D7B5325407CA000B993E0 /* Info.plist */ = {isa = PBXFileReference; lastKnownFileType = text.plist.xml; path = Info.plist; sourceTree = "<group>"; };
		999D7B5825407CA100B993E0 /* LeBoncoinTests.xctest */ = {isa = PBXFileReference; explicitFileType = wrapper.cfbundle; includeInIndex = 0; path = LeBoncoinTests.xctest; sourceTree = BUILT_PRODUCTS_DIR; };
		999D7B5C25407CA100B993E0 /* LeBoncoinTests.swift */ = {isa = PBXFileReference; lastKnownFileType = sourcecode.swift; path = LeBoncoinTests.swift; sourceTree = "<group>"; };
		999D7B5E25407CA100B993E0 /* Info.plist */ = {isa = PBXFileReference; lastKnownFileType = text.plist.xml; path = Info.plist; sourceTree = "<group>"; };
		999D7B6325407CA100B993E0 /* LeBoncoinUITests.xctest */ = {isa = PBXFileReference; explicitFileType = wrapper.cfbundle; includeInIndex = 0; path = LeBoncoinUITests.xctest; sourceTree = BUILT_PRODUCTS_DIR; };
		999D7B6725407CA100B993E0 /* LeBoncoinUITests.swift */ = {isa = PBXFileReference; lastKnownFileType = sourcecode.swift; path = LeBoncoinUITests.swift; sourceTree = "<group>"; };
		999D7B6925407CA100B993E0 /* Info.plist */ = {isa = PBXFileReference; lastKnownFileType = text.plist.xml; path = Info.plist; sourceTree = "<group>"; };
		999D7B7D25407DEC00B993E0 /* Announcement.swift */ = {isa = PBXFileReference; lastKnownFileType = sourcecode.swift; path = Announcement.swift; sourceTree = "<group>"; };
		999D7B8225407EA600B993E0 /* APIFetcher.swift */ = {isa = PBXFileReference; lastKnownFileType = sourcecode.swift; path = APIFetcher.swift; sourceTree = "<group>"; };
		999D7B8725407EC100B993E0 /* APIConfig.swift */ = {isa = PBXFileReference; lastKnownFileType = sourcecode.swift; path = APIConfig.swift; sourceTree = "<group>"; };
		999D7B8C2540B36400B993E0 /* APIError.swift */ = {isa = PBXFileReference; lastKnownFileType = sourcecode.swift; path = APIError.swift; sourceTree = "<group>"; };
		999D7B912540B3B100B993E0 /* Parssing.swift */ = {isa = PBXFileReference; lastKnownFileType = sourcecode.swift; path = Parssing.swift; sourceTree = "<group>"; };
		999D7B9E25416C3C00B993E0 /* Category.swift */ = {isa = PBXFileReference; lastKnownFileType = sourcecode.swift; path = Category.swift; sourceTree = "<group>"; };
		999D7BAD254176AD00B993E0 /* HomeViewModel.swift */ = {isa = PBXFileReference; lastKnownFileType = sourcecode.swift; path = HomeViewModel.swift; sourceTree = "<group>"; };
		999D7BB2254176CC00B993E0 /* HomeViewController.swift */ = {isa = PBXFileReference; lastKnownFileType = sourcecode.swift; path = HomeViewController.swift; sourceTree = "<group>"; };
		999D7BB8254178F800B993E0 /* Box.swift */ = {isa = PBXFileReference; lastKnownFileType = sourcecode.swift; path = Box.swift; sourceTree = "<group>"; };
		99C2E82025417F7400B2917C /* AnnoucementCellView.swift */ = {isa = PBXFileReference; lastKnownFileType = sourcecode.swift; path = AnnoucementCellView.swift; sourceTree = "<group>"; };
		99C2E82C2541900300B2917C /* extension+UIImageView.swift */ = {isa = PBXFileReference; lastKnownFileType = sourcecode.swift; path = "extension+UIImageView.swift"; sourceTree = "<group>"; };
		99C2E8852541C6AC00B2917C /* DetailAnnoucementViewController.swift */ = {isa = PBXFileReference; lastKnownFileType = sourcecode.swift; path = DetailAnnoucementViewController.swift; sourceTree = "<group>"; };
		99C3EE1E2542D39F00835910 /* extension+UIColor.swift */ = {isa = PBXFileReference; lastKnownFileType = sourcecode.swift; path = "extension+UIColor.swift"; sourceTree = "<group>"; };
		99C3EE232542D74000835910 /* CategoryViewController.swift */ = {isa = PBXFileReference; lastKnownFileType = sourcecode.swift; path = CategoryViewController.swift; sourceTree = "<group>"; };
/* End PBXFileReference section */

/* Begin PBXFrameworksBuildPhase section */
		999D7B3C25407C9C00B993E0 /* Frameworks */ = {
			isa = PBXFrameworksBuildPhase;
			buildActionMask = 2147483647;
			files = (
			);
			runOnlyForDeploymentPostprocessing = 0;
		};
		999D7B5525407CA100B993E0 /* Frameworks */ = {
			isa = PBXFrameworksBuildPhase;
			buildActionMask = 2147483647;
			files = (
			);
			runOnlyForDeploymentPostprocessing = 0;
		};
		999D7B6025407CA100B993E0 /* Frameworks */ = {
			isa = PBXFrameworksBuildPhase;
			buildActionMask = 2147483647;
			files = (
			);
			runOnlyForDeploymentPostprocessing = 0;
		};
/* End PBXFrameworksBuildPhase section */

/* Begin PBXGroup section */
		994132872543266B00B7ED23 /* Scene */ = {
			isa = PBXGroup;
			children = (
				994132A825441CE400B7ED23 /* ShowCategories */,
				99C2E8842541C68F00B2917C /* ShowDetail */,
				999D7BAC2541768100B993E0 /* Home */,
			);
			path = Scene;
			sourceTree = "<group>";
		};
		994132A825441CE400B7ED23 /* ShowCategories */ = {
			isa = PBXGroup;
			children = (
				99C3EE232542D74000835910 /* CategoryViewController.swift */,
			);
			path = ShowCategories;
			sourceTree = "<group>";
		};
		994132A925441D0500B7ED23 /* Views */ = {
			isa = PBXGroup;
			children = (
				99C2E82025417F7400B2917C /* AnnoucementCellView.swift */,
				994132742542E74A00B7ED23 /* ButtonWithImage.swift */,
			);
			path = Views;
			sourceTree = "<group>";
		};
		994132AA25441D4B00B7ED23 /* Views */ = {
			isa = PBXGroup;
			children = (
				994132A3254401B100B7ED23 /* DetailAnnoucementView.swift */,
			);
			path = Views;
			sourceTree = "<group>";
		};
		999D7B3625407C9C00B993E0 = {
			isa = PBXGroup;
			children = (
				999D7B4125407C9C00B993E0 /* LeBoncoin */,
				999D7B5B25407CA100B993E0 /* LeBoncoinTests */,
				999D7B6625407CA100B993E0 /* LeBoncoinUITests */,
				999D7B4025407C9C00B993E0 /* Products */,
			);
			sourceTree = "<group>";
		};
		999D7B4025407C9C00B993E0 /* Products */ = {
			isa = PBXGroup;
			children = (
				999D7B3F25407C9C00B993E0 /* LeBoncoin.app */,
				999D7B5825407CA100B993E0 /* LeBoncoinTests.xctest */,
				999D7B6325407CA100B993E0 /* LeBoncoinUITests.xctest */,
			);
			name = Products;
			sourceTree = "<group>";
		};
		999D7B4125407C9C00B993E0 /* LeBoncoin */ = {
			isa = PBXGroup;
			children = (
				99C2E82B25418FD500B2917C /* Extension */,
				999D7BB7254178DD00B993E0 /* Utils */,
				994132872543266B00B7ED23 /* Scene */,
				999D7B7C25407DC000B993E0 /* model */,
				999D7B7B25407D9500B993E0 /* Network */,
				999D7B4225407C9C00B993E0 /* AppDelegate.swift */,
				999D7B4E25407CA000B993E0 /* Assets.xcassets */,
				999D7B5025407CA000B993E0 /* LaunchScreen.storyboard */,
				999D7B5325407CA000B993E0 /* Info.plist */,
			);
			path = LeBoncoin;
			sourceTree = "<group>";
		};
		999D7B5B25407CA100B993E0 /* LeBoncoinTests */ = {
			isa = PBXGroup;
			children = (
				999D7B5C25407CA100B993E0 /* LeBoncoinTests.swift */,
				999D7B5E25407CA100B993E0 /* Info.plist */,
			);
			path = LeBoncoinTests;
			sourceTree = "<group>";
		};
		999D7B6625407CA100B993E0 /* LeBoncoinUITests */ = {
			isa = PBXGroup;
			children = (
				999D7B6725407CA100B993E0 /* LeBoncoinUITests.swift */,
				999D7B6925407CA100B993E0 /* Info.plist */,
			);
			path = LeBoncoinUITests;
			sourceTree = "<group>";
		};
		999D7B7B25407D9500B993E0 /* Network */ = {
			isa = PBXGroup;
			children = (
				999D7B8225407EA600B993E0 /* APIFetcher.swift */,
				999D7B8725407EC100B993E0 /* APIConfig.swift */,
				999D7B8C2540B36400B993E0 /* APIError.swift */,
				999D7B912540B3B100B993E0 /* Parssing.swift */,
			);
			path = Network;
			sourceTree = "<group>";
		};
		999D7B7C25407DC000B993E0 /* model */ = {
			isa = PBXGroup;
			children = (
				999D7B7D25407DEC00B993E0 /* Announcement.swift */,
				999D7B9E25416C3C00B993E0 /* Category.swift */,
			);
			path = model;
			sourceTree = "<group>";
		};
		999D7BAC2541768100B993E0 /* Home */ = {
			isa = PBXGroup;
			children = (
				994132A925441D0500B7ED23 /* Views */,
				999D7BAD254176AD00B993E0 /* HomeViewModel.swift */,
				999D7BB2254176CC00B993E0 /* HomeViewController.swift */,
			);
			path = Home;
			sourceTree = "<group>";
		};
		999D7BB7254178DD00B993E0 /* Utils */ = {
			isa = PBXGroup;
			children = (
				999D7BB8254178F800B993E0 /* Box.swift */,
			);
			path = Utils;
			sourceTree = "<group>";
		};
		99C2E82B25418FD500B2917C /* Extension */ = {
			isa = PBXGroup;
			children = (
				99C2E82C2541900300B2917C /* extension+UIImageView.swift */,
				99C3EE1E2542D39F00835910 /* extension+UIColor.swift */,
				994132792543192400B7ED23 /* extension+String.swift */,
			);
			path = Extension;
			sourceTree = "<group>";
		};
		99C2E8842541C68F00B2917C /* ShowDetail */ = {
			isa = PBXGroup;
			children = (
				994132AA25441D4B00B7ED23 /* Views */,
				99C2E8852541C6AC00B2917C /* DetailAnnoucementViewController.swift */,
			);
			path = ShowDetail;
			sourceTree = "<group>";
		};
/* End PBXGroup section */

/* Begin PBXNativeTarget section */
		999D7B3E25407C9C00B993E0 /* LeBoncoin */ = {
			isa = PBXNativeTarget;
			buildConfigurationList = 999D7B6C25407CA100B993E0 /* Build configuration list for PBXNativeTarget "LeBoncoin" */;
			buildPhases = (
				999D7B3B25407C9C00B993E0 /* Sources */,
				999D7B3C25407C9C00B993E0 /* Frameworks */,
				999D7B3D25407C9C00B993E0 /* Resources */,
			);
			buildRules = (
			);
			dependencies = (
			);
			name = LeBoncoin;
			productName = LeBoncoin;
			productReference = 999D7B3F25407C9C00B993E0 /* LeBoncoin.app */;
			productType = "com.apple.product-type.application";
		};
		999D7B5725407CA100B993E0 /* LeBoncoinTests */ = {
			isa = PBXNativeTarget;
			buildConfigurationList = 999D7B6F25407CA100B993E0 /* Build configuration list for PBXNativeTarget "LeBoncoinTests" */;
			buildPhases = (
				999D7B5425407CA100B993E0 /* Sources */,
				999D7B5525407CA100B993E0 /* Frameworks */,
				999D7B5625407CA100B993E0 /* Resources */,
			);
			buildRules = (
			);
			dependencies = (
				999D7B5A25407CA100B993E0 /* PBXTargetDependency */,
			);
			name = LeBoncoinTests;
			productName = LeBoncoinTests;
			productReference = 999D7B5825407CA100B993E0 /* LeBoncoinTests.xctest */;
			productType = "com.apple.product-type.bundle.unit-test";
		};
		999D7B6225407CA100B993E0 /* LeBoncoinUITests */ = {
			isa = PBXNativeTarget;
			buildConfigurationList = 999D7B7225407CA100B993E0 /* Build configuration list for PBXNativeTarget "LeBoncoinUITests" */;
			buildPhases = (
				999D7B5F25407CA100B993E0 /* Sources */,
				999D7B6025407CA100B993E0 /* Frameworks */,
				999D7B6125407CA100B993E0 /* Resources */,
			);
			buildRules = (
			);
			dependencies = (
				999D7B6525407CA100B993E0 /* PBXTargetDependency */,
			);
			name = LeBoncoinUITests;
			productName = LeBoncoinUITests;
			productReference = 999D7B6325407CA100B993E0 /* LeBoncoinUITests.xctest */;
			productType = "com.apple.product-type.bundle.ui-testing";
		};
/* End PBXNativeTarget section */

/* Begin PBXProject section */
		999D7B3725407C9C00B993E0 /* Project object */ = {
			isa = PBXProject;
			attributes = {
				LastSwiftUpdateCheck = 1200;
				LastUpgradeCheck = 1200;
				TargetAttributes = {
					999D7B3E25407C9C00B993E0 = {
						CreatedOnToolsVersion = 12.0.1;
					};
					999D7B5725407CA100B993E0 = {
						CreatedOnToolsVersion = 12.0.1;
						TestTargetID = 999D7B3E25407C9C00B993E0;
					};
					999D7B6225407CA100B993E0 = {
						CreatedOnToolsVersion = 12.0.1;
						TestTargetID = 999D7B3E25407C9C00B993E0;
					};
				};
			};
			buildConfigurationList = 999D7B3A25407C9C00B993E0 /* Build configuration list for PBXProject "LeBoncoin" */;
			compatibilityVersion = "Xcode 9.3";
			developmentRegion = en;
			hasScannedForEncodings = 0;
			knownRegions = (
				en,
				Base,
			);
			mainGroup = 999D7B3625407C9C00B993E0;
			productRefGroup = 999D7B4025407C9C00B993E0 /* Products */;
			projectDirPath = "";
			projectRoot = "";
			targets = (
				999D7B3E25407C9C00B993E0 /* LeBoncoin */,
				999D7B5725407CA100B993E0 /* LeBoncoinTests */,
				999D7B6225407CA100B993E0 /* LeBoncoinUITests */,
			);
		};
/* End PBXProject section */

/* Begin PBXResourcesBuildPhase section */
		999D7B3D25407C9C00B993E0 /* Resources */ = {
			isa = PBXResourcesBuildPhase;
			buildActionMask = 2147483647;
			files = (
				999D7B5225407CA000B993E0 /* LaunchScreen.storyboard in Resources */,
				999D7B4F25407CA000B993E0 /* Assets.xcassets in Resources */,
			);
			runOnlyForDeploymentPostprocessing = 0;
		};
		999D7B5625407CA100B993E0 /* Resources */ = {
			isa = PBXResourcesBuildPhase;
			buildActionMask = 2147483647;
			files = (
			);
			runOnlyForDeploymentPostprocessing = 0;
		};
		999D7B6125407CA100B993E0 /* Resources */ = {
			isa = PBXResourcesBuildPhase;
			buildActionMask = 2147483647;
			files = (
			);
			runOnlyForDeploymentPostprocessing = 0;
		};
/* End PBXResourcesBuildPhase section */

/* Begin PBXSourcesBuildPhase section */
		999D7B3B25407C9C00B993E0 /* Sources */ = {
			isa = PBXSourcesBuildPhase;
			buildActionMask = 2147483647;
			files = (
				99C2E8862541C6AC00B2917C /* DetailAnnoucementViewController.swift in Sources */,
				994132752542E74A00B7ED23 /* ButtonWithImage.swift in Sources */,
				9941327A2543192400B7ED23 /* extension+String.swift in Sources */,
				999D7BB3254176CC00B993E0 /* HomeViewController.swift in Sources */,
				999D7B9F25416C3C00B993E0 /* Category.swift in Sources */,
				99C3EE1F2542D39F00835910 /* extension+UIColor.swift in Sources */,
				999D7B4325407C9C00B993E0 /* AppDelegate.swift in Sources */,
				999D7B8825407EC100B993E0 /* APIConfig.swift in Sources */,
				999D7B8325407EA600B993E0 /* APIFetcher.swift in Sources */,
				99C2E82D2541900300B2917C /* extension+UIImageView.swift in Sources */,
				999D7B8D2540B36400B993E0 /* APIError.swift in Sources */,
				994132A4254401B100B7ED23 /* DetailAnnoucementView.swift in Sources */,
				999D7BAE254176AD00B993E0 /* HomeViewModel.swift in Sources */,
				999D7B7E25407DEC00B993E0 /* Announcement.swift in Sources */,
				999D7BB9254178F800B993E0 /* Box.swift in Sources */,
				99C2E82125417F7400B2917C /* AnnoucementCellView.swift in Sources */,
				999D7B922540B3B100B993E0 /* Parssing.swift in Sources */,
				99C3EE242542D74000835910 /* CategoryViewController.swift in Sources */,
			);
			runOnlyForDeploymentPostprocessing = 0;
		};
		999D7B5425407CA100B993E0 /* Sources */ = {
			isa = PBXSourcesBuildPhase;
			buildActionMask = 2147483647;
			files = (
				999D7B5D25407CA100B993E0 /* LeBoncoinTests.swift in Sources */,
			);
			runOnlyForDeploymentPostprocessing = 0;
		};
		999D7B5F25407CA100B993E0 /* Sources */ = {
			isa = PBXSourcesBuildPhase;
			buildActionMask = 2147483647;
			files = (
				999D7B6825407CA100B993E0 /* LeBoncoinUITests.swift in Sources */,
			);
			runOnlyForDeploymentPostprocessing = 0;
		};
/* End PBXSourcesBuildPhase section */

/* Begin PBXTargetDependency section */
		999D7B5A25407CA100B993E0 /* PBXTargetDependency */ = {
			isa = PBXTargetDependency;
			target = 999D7B3E25407C9C00B993E0 /* LeBoncoin */;
			targetProxy = 999D7B5925407CA100B993E0 /* PBXContainerItemProxy */;
		};
		999D7B6525407CA100B993E0 /* PBXTargetDependency */ = {
			isa = PBXTargetDependency;
			target = 999D7B3E25407C9C00B993E0 /* LeBoncoin */;
			targetProxy = 999D7B6425407CA100B993E0 /* PBXContainerItemProxy */;
		};
/* End PBXTargetDependency section */

/* Begin PBXVariantGroup section */
		999D7B5025407CA000B993E0 /* LaunchScreen.storyboard */ = {
			isa = PBXVariantGroup;
			children = (
				999D7B5125407CA000B993E0 /* Base */,
			);
			name = LaunchScreen.storyboard;
			sourceTree = "<group>";
		};
/* End PBXVariantGroup section */

/* Begin XCBuildConfiguration section */
		999D7B6A25407CA100B993E0 /* Debug */ = {
			isa = XCBuildConfiguration;
			buildSettings = {
				ALWAYS_SEARCH_USER_PATHS = NO;
				CLANG_ANALYZER_NONNULL = YES;
				CLANG_ANALYZER_NUMBER_OBJECT_CONVERSION = YES_AGGRESSIVE;
				CLANG_CXX_LANGUAGE_STANDARD = "gnu++14";
				CLANG_CXX_LIBRARY = "libc++";
				CLANG_ENABLE_MODULES = YES;
				CLANG_ENABLE_OBJC_ARC = YES;
				CLANG_ENABLE_OBJC_WEAK = YES;
				CLANG_WARN_BLOCK_CAPTURE_AUTORELEASING = YES;
				CLANG_WARN_BOOL_CONVERSION = YES;
				CLANG_WARN_COMMA = YES;
				CLANG_WARN_CONSTANT_CONVERSION = YES;
				CLANG_WARN_DEPRECATED_OBJC_IMPLEMENTATIONS = YES;
				CLANG_WARN_DIRECT_OBJC_ISA_USAGE = YES_ERROR;
				CLANG_WARN_DOCUMENTATION_COMMENTS = YES;
				CLANG_WARN_EMPTY_BODY = YES;
				CLANG_WARN_ENUM_CONVERSION = YES;
				CLANG_WARN_INFINITE_RECURSION = YES;
				CLANG_WARN_INT_CONVERSION = YES;
				CLANG_WARN_NON_LITERAL_NULL_CONVERSION = YES;
				CLANG_WARN_OBJC_IMPLICIT_RETAIN_SELF = YES;
				CLANG_WARN_OBJC_LITERAL_CONVERSION = YES;
				CLANG_WARN_OBJC_ROOT_CLASS = YES_ERROR;
				CLANG_WARN_QUOTED_INCLUDE_IN_FRAMEWORK_HEADER = YES;
				CLANG_WARN_RANGE_LOOP_ANALYSIS = YES;
				CLANG_WARN_STRICT_PROTOTYPES = YES;
				CLANG_WARN_SUSPICIOUS_MOVE = YES;
				CLANG_WARN_UNGUARDED_AVAILABILITY = YES_AGGRESSIVE;
				CLANG_WARN_UNREACHABLE_CODE = YES;
				CLANG_WARN__DUPLICATE_METHOD_MATCH = YES;
				COPY_PHASE_STRIP = NO;
				DEBUG_INFORMATION_FORMAT = dwarf;
				ENABLE_STRICT_OBJC_MSGSEND = YES;
				ENABLE_TESTABILITY = YES;
				GCC_C_LANGUAGE_STANDARD = gnu11;
				GCC_DYNAMIC_NO_PIC = NO;
				GCC_NO_COMMON_BLOCKS = YES;
				GCC_OPTIMIZATION_LEVEL = 0;
				GCC_PREPROCESSOR_DEFINITIONS = (
					"DEBUG=1",
					"$(inherited)",
				);
				GCC_WARN_64_TO_32_BIT_CONVERSION = YES;
				GCC_WARN_ABOUT_RETURN_TYPE = YES_ERROR;
				GCC_WARN_UNDECLARED_SELECTOR = YES;
				GCC_WARN_UNINITIALIZED_AUTOS = YES_AGGRESSIVE;
				GCC_WARN_UNUSED_FUNCTION = YES;
				GCC_WARN_UNUSED_VARIABLE = YES;
				IPHONEOS_DEPLOYMENT_TARGET = 14.0;
				MTL_ENABLE_DEBUG_INFO = INCLUDE_SOURCE;
				MTL_FAST_MATH = YES;
				ONLY_ACTIVE_ARCH = YES;
				SDKROOT = iphoneos;
				SWIFT_ACTIVE_COMPILATION_CONDITIONS = DEBUG;
				SWIFT_OPTIMIZATION_LEVEL = "-Onone";
			};
			name = Debug;
		};
		999D7B6B25407CA100B993E0 /* Release */ = {
			isa = XCBuildConfiguration;
			buildSettings = {
				ALWAYS_SEARCH_USER_PATHS = NO;
				CLANG_ANALYZER_NONNULL = YES;
				CLANG_ANALYZER_NUMBER_OBJECT_CONVERSION = YES_AGGRESSIVE;
				CLANG_CXX_LANGUAGE_STANDARD = "gnu++14";
				CLANG_CXX_LIBRARY = "libc++";
				CLANG_ENABLE_MODULES = YES;
				CLANG_ENABLE_OBJC_ARC = YES;
				CLANG_ENABLE_OBJC_WEAK = YES;
				CLANG_WARN_BLOCK_CAPTURE_AUTORELEASING = YES;
				CLANG_WARN_BOOL_CONVERSION = YES;
				CLANG_WARN_COMMA = YES;
				CLANG_WARN_CONSTANT_CONVERSION = YES;
				CLANG_WARN_DEPRECATED_OBJC_IMPLEMENTATIONS = YES;
				CLANG_WARN_DIRECT_OBJC_ISA_USAGE = YES_ERROR;
				CLANG_WARN_DOCUMENTATION_COMMENTS = YES;
				CLANG_WARN_EMPTY_BODY = YES;
				CLANG_WARN_ENUM_CONVERSION = YES;
				CLANG_WARN_INFINITE_RECURSION = YES;
				CLANG_WARN_INT_CONVERSION = YES;
				CLANG_WARN_NON_LITERAL_NULL_CONVERSION = YES;
				CLANG_WARN_OBJC_IMPLICIT_RETAIN_SELF = YES;
				CLANG_WARN_OBJC_LITERAL_CONVERSION = YES;
				CLANG_WARN_OBJC_ROOT_CLASS = YES_ERROR;
				CLANG_WARN_QUOTED_INCLUDE_IN_FRAMEWORK_HEADER = YES;
				CLANG_WARN_RANGE_LOOP_ANALYSIS = YES;
				CLANG_WARN_STRICT_PROTOTYPES = YES;
				CLANG_WARN_SUSPICIOUS_MOVE = YES;
				CLANG_WARN_UNGUARDED_AVAILABILITY = YES_AGGRESSIVE;
				CLANG_WARN_UNREACHABLE_CODE = YES;
				CLANG_WARN__DUPLICATE_METHOD_MATCH = YES;
				COPY_PHASE_STRIP = NO;
				DEBUG_INFORMATION_FORMAT = "dwarf-with-dsym";
				ENABLE_NS_ASSERTIONS = NO;
				ENABLE_STRICT_OBJC_MSGSEND = YES;
				GCC_C_LANGUAGE_STANDARD = gnu11;
				GCC_NO_COMMON_BLOCKS = YES;
				GCC_WARN_64_TO_32_BIT_CONVERSION = YES;
				GCC_WARN_ABOUT_RETURN_TYPE = YES_ERROR;
				GCC_WARN_UNDECLARED_SELECTOR = YES;
				GCC_WARN_UNINITIALIZED_AUTOS = YES_AGGRESSIVE;
				GCC_WARN_UNUSED_FUNCTION = YES;
				GCC_WARN_UNUSED_VARIABLE = YES;
				IPHONEOS_DEPLOYMENT_TARGET = 14.0;
				MTL_ENABLE_DEBUG_INFO = NO;
				MTL_FAST_MATH = YES;
				SDKROOT = iphoneos;
				SWIFT_COMPILATION_MODE = wholemodule;
				SWIFT_OPTIMIZATION_LEVEL = "-O";
				VALIDATE_PRODUCT = YES;
			};
			name = Release;
		};
		999D7B6D25407CA100B993E0 /* Debug */ = {
			isa = XCBuildConfiguration;
			buildSettings = {
				ASSETCATALOG_COMPILER_APPICON_NAME = AppIcon;
				ASSETCATALOG_COMPILER_GLOBAL_ACCENT_COLOR_NAME = AccentColor;
				CODE_SIGN_STYLE = Automatic;
				DEVELOPMENT_TEAM = MRV7A6DFL3;
				INFOPLIST_FILE = LeBoncoin/Info.plist;
				IPHONEOS_DEPLOYMENT_TARGET = 11.0;
				LD_RUNPATH_SEARCH_PATHS = (
					"$(inherited)",
					"@executable_path/Frameworks",
				);
				PRODUCT_BUNDLE_IDENTIFIER = com.djabir.LeBoncoin;
				PRODUCT_NAME = "$(TARGET_NAME)";
				SWIFT_ENFORCE_EXCLUSIVE_ACCESS = on;
				SWIFT_VERSION = 4.2;
				TARGETED_DEVICE_FAMILY = "1,2";
			};
			name = Debug;
		};
		999D7B6E25407CA100B993E0 /* Release */ = {
			isa = XCBuildConfiguration;
			buildSettings = {
				ASSETCATALOG_COMPILER_APPICON_NAME = AppIcon;
				ASSETCATALOG_COMPILER_GLOBAL_ACCENT_COLOR_NAME = AccentColor;
				CODE_SIGN_STYLE = Automatic;
				DEVELOPMENT_TEAM = MRV7A6DFL3;
				INFOPLIST_FILE = LeBoncoin/Info.plist;
				IPHONEOS_DEPLOYMENT_TARGET = 11.0;
				LD_RUNPATH_SEARCH_PATHS = (
					"$(inherited)",
					"@executable_path/Frameworks",
				);
				PRODUCT_BUNDLE_IDENTIFIER = com.djabir.LeBoncoin;
				PRODUCT_NAME = "$(TARGET_NAME)";
				SWIFT_ENFORCE_EXCLUSIVE_ACCESS = on;
				SWIFT_VERSION = 4.2;
				TARGETED_DEVICE_FAMILY = "1,2";
			};
			name = Release;
		};
		999D7B7025407CA100B993E0 /* Debug */ = {
			isa = XCBuildConfiguration;
			buildSettings = {
				ALWAYS_EMBED_SWIFT_STANDARD_LIBRARIES = YES;
				BUNDLE_LOADER = "$(TEST_HOST)";
				CODE_SIGN_STYLE = Automatic;
				DEVELOPMENT_TEAM = MRV7A6DFL3;
				INFOPLIST_FILE = LeBoncoinTests/Info.plist;
				IPHONEOS_DEPLOYMENT_TARGET = 14.0;
				LD_RUNPATH_SEARCH_PATHS = (
					"$(inherited)",
					"@executable_path/Frameworks",
					"@loader_path/Frameworks",
				);
				PRODUCT_BUNDLE_IDENTIFIER = com.djabir.LeBoncoinTests;
				PRODUCT_NAME = "$(TARGET_NAME)";
				SWIFT_VERSION = 5.0;
				TARGETED_DEVICE_FAMILY = "1,2";
				TEST_HOST = "$(BUILT_PRODUCTS_DIR)/LeBoncoin.app/LeBoncoin";
			};
			name = Debug;
		};
		999D7B7125407CA100B993E0 /* Release */ = {
			isa = XCBuildConfiguration;
			buildSettings = {
				ALWAYS_EMBED_SWIFT_STANDARD_LIBRARIES = YES;
				BUNDLE_LOADER = "$(TEST_HOST)";
				CODE_SIGN_STYLE = Automatic;
				DEVELOPMENT_TEAM = MRV7A6DFL3;
				INFOPLIST_FILE = LeBoncoinTests/Info.plist;
				IPHONEOS_DEPLOYMENT_TARGET = 14.0;
				LD_RUNPATH_SEARCH_PATHS = (
					"$(inherited)",
					"@executable_path/Frameworks",
					"@loader_path/Frameworks",
				);
				PRODUCT_BUNDLE_IDENTIFIER = com.djabir.LeBoncoinTests;
				PRODUCT_NAME = "$(TARGET_NAME)";
				SWIFT_VERSION = 5.0;
				TARGETED_DEVICE_FAMILY = "1,2";
				TEST_HOST = "$(BUILT_PRODUCTS_DIR)/LeBoncoin.app/LeBoncoin";
			};
			name = Release;
		};
		999D7B7325407CA100B993E0 /* Debug */ = {
			isa = XCBuildConfiguration;
			buildSettings = {
				ALWAYS_EMBED_SWIFT_STANDARD_LIBRARIES = YES;
				CODE_SIGN_STYLE = Automatic;
				DEVELOPMENT_TEAM = MRV7A6DFL3;
				INFOPLIST_FILE = LeBoncoinUITests/Info.plist;
				LD_RUNPATH_SEARCH_PATHS = (
					"$(inherited)",
					"@executable_path/Frameworks",
					"@loader_path/Frameworks",
				);
				PRODUCT_BUNDLE_IDENTIFIER = com.djabir.LeBoncoinUITests;
				PRODUCT_NAME = "$(TARGET_NAME)";
				SWIFT_VERSION = 5.0;
				TARGETED_DEVICE_FAMILY = "1,2";
				TEST_TARGET_NAME = LeBoncoin;
			};
			name = Debug;
		};
		999D7B7425407CA100B993E0 /* Release */ = {
			isa = XCBuildConfiguration;
			buildSettings = {
				ALWAYS_EMBED_SWIFT_STANDARD_LIBRARIES = YES;
				CODE_SIGN_STYLE = Automatic;
				DEVELOPMENT_TEAM = MRV7A6DFL3;
				INFOPLIST_FILE = LeBoncoinUITests/Info.plist;
				LD_RUNPATH_SEARCH_PATHS = (
					"$(inherited)",
					"@executable_path/Frameworks",
					"@loader_path/Frameworks",
				);
				PRODUCT_BUNDLE_IDENTIFIER = com.djabir.LeBoncoinUITests;
				PRODUCT_NAME = "$(TARGET_NAME)";
				SWIFT_VERSION = 5.0;
				TARGETED_DEVICE_FAMILY = "1,2";
				TEST_TARGET_NAME = LeBoncoin;
			};
			name = Release;
		};
/* End XCBuildConfiguration section */

/* Begin XCConfigurationList section */
		999D7B3A25407C9C00B993E0 /* Build configuration list for PBXProject "LeBoncoin" */ = {
			isa = XCConfigurationList;
			buildConfigurations = (
				999D7B6A25407CA100B993E0 /* Debug */,
				999D7B6B25407CA100B993E0 /* Release */,
			);
			defaultConfigurationIsVisible = 0;
			defaultConfigurationName = Release;
		};
		999D7B6C25407CA100B993E0 /* Build configuration list for PBXNativeTarget "LeBoncoin" */ = {
			isa = XCConfigurationList;
			buildConfigurations = (
				999D7B6D25407CA100B993E0 /* Debug */,
				999D7B6E25407CA100B993E0 /* Release */,
			);
			defaultConfigurationIsVisible = 0;
			defaultConfigurationName = Release;
		};
		999D7B6F25407CA100B993E0 /* Build configuration list for PBXNativeTarget "LeBoncoinTests" */ = {
			isa = XCConfigurationList;
			buildConfigurations = (
				999D7B7025407CA100B993E0 /* Debug */,
				999D7B7125407CA100B993E0 /* Release */,
			);
			defaultConfigurationIsVisible = 0;
			defaultConfigurationName = Release;
		};
		999D7B7225407CA100B993E0 /* Build configuration list for PBXNativeTarget "LeBoncoinUITests" */ = {
			isa = XCConfigurationList;
			buildConfigurations = (
				999D7B7325407CA100B993E0 /* Debug */,
				999D7B7425407CA100B993E0 /* Release */,
			);
			defaultConfigurationIsVisible = 0;
			defaultConfigurationName = Release;
		};
/* End XCConfigurationList section */
	};
	rootObject = 999D7B3725407C9C00B993E0 /* Project object */;
}
